
Microsoft Visual Studio Solution File, Format Version 12.00
# Visual Studio Version 16
VisualStudioVersion = 16.0.31424.327
MinimumVisualStudioVersion = 10.0.40219.1
Project("{FAE04EC0-301F-11D3-BF4B-00C04F79EFBC}") = "LMS", "LMS\LMS.csproj", "{7B60E406-6FE0-464B-B7A6-574D0CD0FAB9}"
EndProject
Global
	GlobalSection(SolutionConfigurationPlatforms) = preSolution
		Debug|Any CPU = Debug|Any CPU
		Release|Any CPU = Release|Any CPU
	EndGlobalSection
	GlobalSection(ProjectConfigurationPlatforms) = postSolution
		{7B60E406-6FE0-464B-B7A6-574D0CD0FAB9}.Debug|Any CPU.ActiveCfg = Debug|Any CPU
		{7B60E406-6FE0-464B-B7A6-574D0CD0FAB9}.Debug|Any CPU.Build.0 = Debug|Any CPU
		{7B60E406-6FE0-464B-B7A6-574D0CD0FAB9}.Release|Any CPU.ActiveCfg = Release|Any CPU
		{7B60E406-6FE0-464B-B7A6-574D0CD0FAB9}.Release|Any CPU.Build.0 = Release|Any CPU
	EndGlobalSection
	GlobalSection(SolutionProperties) = preSolution
		HideSolutionNode = FALSE
	EndGlobalSection
	GlobalSection(ExtensibilityGlobals) = postSolution
		SolutionGuid = {2B7FBB93-ABD9-4567-A974-DE72B60FEF2A}
	EndGlobalSection
EndGlobal
